
Microsoft Visual Studio Solution File, Format Version 12.00
# Visual Studio Version 17
VisualStudioVersion = 17.11.35208.52
MinimumVisualStudioVersion = 10.0.40219.1
Project("{FAE04EC0-301F-11D3-BF4B-00C04F79EFBC}") = "LibraryManagmentSystem2", "LibraryManagmentSystem2\LibraryManagmentSystem2.csproj", "{09A89B7F-61B5-4A9A-AD23-C9234EF9A443}"
EndProject
Global
	GlobalSection(SolutionConfigurationPlatforms) = preSolution
		Debug|Any CPU = Debug|Any CPU
		Release|Any CPU = Release|Any CPU
	EndGlobalSection
	GlobalSection(ProjectConfigurationPlatforms) = postSolution
		{09A89B7F-61B5-4A9A-AD23-C9234EF9A443}.Debug|Any CPU.ActiveCfg = Debug|Any CPU
		{09A89B7F-61B5-4A9A-AD23-C9234EF9A443}.Debug|Any CPU.Build.0 = Debug|Any CPU
		{09A89B7F-61B5-4A9A-AD23-C9234EF9A443}.Release|Any CPU.ActiveCfg = Release|Any CPU
		{09A89B7F-61B5-4A9A-AD23-C9234EF9A443}.Release|Any CPU.Build.0 = Release|Any CPU
	EndGlobalSection
	GlobalSection(SolutionProperties) = preSolution
		HideSolutionNode = FALSE
	EndGlobalSection
	GlobalSection(ExtensibilityGlobals) = postSolution
		SolutionGuid = {EF8F348A-A0FD-4D73-AB33-885024F7D900}
	EndGlobalSection
EndGlobal
